
Microsoft Visual Studio Solution File, Format Version 12.00
# Visual Studio Version 17
VisualStudioVersion = 17.1.32210.238
MinimumVisualStudioVersion = 10.0.40219.1
Project("{9A19103F-16F7-4668-BE54-9A1E7A4F7556}") = "DevInSales", "DevInSales\DevInSales.csproj", "{0711C911-8AAD-42B3-9240-F1FF5162442A}"
EndProject
Global
	GlobalSection(SolutionConfigurationPlatforms) = preSolution
		Debug|Any CPU = Debug|Any CPU
		Release|Any CPU = Release|Any CPU
	EndGlobalSection
	GlobalSection(ProjectConfigurationPlatforms) = postSolution
		{0711C911-8AAD-42B3-9240-F1FF5162442A}.Debug|Any CPU.ActiveCfg = Debug|Any CPU
		{0711C911-8AAD-42B3-9240-F1FF5162442A}.Debug|Any CPU.Build.0 = Debug|Any CPU
		{0711C911-8AAD-42B3-9240-F1FF5162442A}.Release|Any CPU.ActiveCfg = Release|Any CPU
		{0711C911-8AAD-42B3-9240-F1FF5162442A}.Release|Any CPU.Build.0 = Release|Any CPU
	EndGlobalSection
	GlobalSection(SolutionProperties) = preSolution
		HideSolutionNode = FALSE
	EndGlobalSection
	GlobalSection(ExtensibilityGlobals) = postSolution
		SolutionGuid = {42984A92-798B-4900-A7D8-66D0AB03B5EC}
	EndGlobalSection
EndGlobal
