
Microsoft Visual Studio Solution File, Format Version 12.00
Project("{FAE04EC0-301F-11D3-BF4B-00C04F79EFBC}") = "DevInSales", "DevInSales\DevInSales.csproj", "{0711C911-8AAD-42B3-9240-F1FF5162442A}"
EndProject
Global
	GlobalSection(SolutionConfigurationPlatforms) = preSolution
		Debug|Any CPU = Debug|Any CPU
		Release|Any CPU = Release|Any CPU
	EndGlobalSection
	GlobalSection(ProjectConfigurationPlatforms) = postSolution
		{0711C911-8AAD-42B3-9240-F1FF5162442A}.Debug|Any CPU.ActiveCfg = Debug|Any CPU
		{0711C911-8AAD-42B3-9240-F1FF5162442A}.Debug|Any CPU.Build.0 = Debug|Any CPU
		{0711C911-8AAD-42B3-9240-F1FF5162442A}.Release|Any CPU.ActiveCfg = Release|Any CPU
		{0711C911-8AAD-42B3-9240-F1FF5162442A}.Release|Any CPU.Build.0 = Release|Any CPU
	EndGlobalSection
EndGlobal
